
Microsoft Visual Studio Solution File, Format Version 12.00
# Visual Studio Version 17
VisualStudioVersion = 17.2.32616.157
MinimumVisualStudioVersion = 10.0.40219.1
Project("{FAE04EC0-301F-11D3-BF4B-00C04F79EFBC}") = "JCrud", "JCrud\JCrud.csproj", "{ACB30D81-CD10-4C9E-BCA3-29459136B43B}"
EndProject
Global
	GlobalSection(SolutionConfigurationPlatforms) = preSolution
		Debug|Any CPU = Debug|Any CPU
		Release|Any CPU = Release|Any CPU
	EndGlobalSection
	GlobalSection(ProjectConfigurationPlatforms) = postSolution
		{ACB30D81-CD10-4C9E-BCA3-29459136B43B}.Debug|Any CPU.ActiveCfg = Debug|Any CPU
		{ACB30D81-CD10-4C9E-BCA3-29459136B43B}.Debug|Any CPU.Build.0 = Debug|Any CPU
		{ACB30D81-CD10-4C9E-BCA3-29459136B43B}.Release|Any CPU.ActiveCfg = Release|Any CPU
		{ACB30D81-CD10-4C9E-BCA3-29459136B43B}.Release|Any CPU.Build.0 = Release|Any CPU
	EndGlobalSection
	GlobalSection(SolutionProperties) = preSolution
		HideSolutionNode = FALSE
	EndGlobalSection
	GlobalSection(ExtensibilityGlobals) = postSolution
		SolutionGuid = {2E1D9A25-247A-4014-AC6B-C242E04B6CF9}
	EndGlobalSection
EndGlobal
